
Microsoft Visual Studio Solution File, Format Version 12.00
# Visual Studio Version 17
VisualStudioVersion = 17.14.36705.20 d17.14
MinimumVisualStudioVersion = 10.0.40219.1
Project("{FAE04EC0-301F-11D3-BF4B-00C04F79EFBC}") = "WindowsLogin", "WindowsLogin\WindowsLogin.csproj", "{80A00D17-F26E-4479-80A6-3C6FAA7121A1}"
EndProject
Global
	GlobalSection(SolutionConfigurationPlatforms) = preSolution
		Debug|Any CPU = Debug|Any CPU
		Release|Any CPU = Release|Any CPU
	EndGlobalSection
	GlobalSection(ProjectConfigurationPlatforms) = postSolution
		{80A00D17-F26E-4479-80A6-3C6FAA7121A1}.Debug|Any CPU.ActiveCfg = Debug|Any CPU
		{80A00D17-F26E-4479-80A6-3C6FAA7121A1}.Debug|Any CPU.Build.0 = Debug|Any CPU
		{80A00D17-F26E-4479-80A6-3C6FAA7121A1}.Release|Any CPU.ActiveCfg = Release|Any CPU
		{80A00D17-F26E-4479-80A6-3C6FAA7121A1}.Release|Any CPU.Build.0 = Release|Any CPU
	EndGlobalSection
	GlobalSection(SolutionProperties) = preSolution
		HideSolutionNode = FALSE
	EndGlobalSection
	GlobalSection(ExtensibilityGlobals) = postSolution
		SolutionGuid = {5C2DEECD-F6A0-4156-9931-D4E37DA5A25C}
	EndGlobalSection
EndGlobal
