
Microsoft Visual Studio Solution File, Format Version 12.00
# Visual Studio Version 17
VisualStudioVersion = 17.11.35312.102
MinimumVisualStudioVersion = 10.0.40219.1
Project("{9A19103F-16F7-4668-BE54-9A1E7A4F7556}") = "LabWork7", "LabWork7\LabWork7.csproj", "{C2256348-B41D-4A20-B2F7-41EEB95E136E}"
EndProject
Project("{FAE04EC0-301F-11D3-BF4B-00C04F79EFBC}") = "Consol", "Consol\Consol.csproj", "{C04900F7-C19F-4622-95F9-620E587735EF}"
EndProject
Global
	GlobalSection(SolutionConfigurationPlatforms) = preSolution
		Debug|Any CPU = Debug|Any CPU
		Debug|x64 = Debug|x64
		Debug|x86 = Debug|x86
		Release|Any CPU = Release|Any CPU
		Release|x64 = Release|x64
		Release|x86 = Release|x86
	EndGlobalSection
	GlobalSection(ProjectConfigurationPlatforms) = postSolution
		{C2256348-B41D-4A20-B2F7-41EEB95E136E}.Debug|Any CPU.ActiveCfg = Debug|Any CPU
		{C2256348-B41D-4A20-B2F7-41EEB95E136E}.Debug|Any CPU.Build.0 = Debug|Any CPU
		{C2256348-B41D-4A20-B2F7-41EEB95E136E}.Debug|x64.ActiveCfg = Debug|Any CPU
		{C2256348-B41D-4A20-B2F7-41EEB95E136E}.Debug|x64.Build.0 = Debug|Any CPU
		{C2256348-B41D-4A20-B2F7-41EEB95E136E}.Debug|x86.ActiveCfg = Debug|Any CPU
		{C2256348-B41D-4A20-B2F7-41EEB95E136E}.Debug|x86.Build.0 = Debug|Any CPU
		{C2256348-B41D-4A20-B2F7-41EEB95E136E}.Release|Any CPU.ActiveCfg = Release|Any CPU
		{C2256348-B41D-4A20-B2F7-41EEB95E136E}.Release|Any CPU.Build.0 = Release|Any CPU
		{C2256348-B41D-4A20-B2F7-41EEB95E136E}.Release|x64.ActiveCfg = Release|Any CPU
		{C2256348-B41D-4A20-B2F7-41EEB95E136E}.Release|x64.Build.0 = Release|Any CPU
		{C2256348-B41D-4A20-B2F7-41EEB95E136E}.Release|x86.ActiveCfg = Release|Any CPU
		{C2256348-B41D-4A20-B2F7-41EEB95E136E}.Release|x86.Build.0 = Release|Any CPU
		{C04900F7-C19F-4622-95F9-620E587735EF}.Debug|Any CPU.ActiveCfg = Debug|Any CPU
		{C04900F7-C19F-4622-95F9-620E587735EF}.Debug|Any CPU.Build.0 = Debug|Any CPU
		{C04900F7-C19F-4622-95F9-620E587735EF}.Debug|x64.ActiveCfg = Debug|Any CPU
		{C04900F7-C19F-4622-95F9-620E587735EF}.Debug|x64.Build.0 = Debug|Any CPU
		{C04900F7-C19F-4622-95F9-620E587735EF}.Debug|x86.ActiveCfg = Debug|Any CPU
		{C04900F7-C19F-4622-95F9-620E587735EF}.Debug|x86.Build.0 = Debug|Any CPU
		{C04900F7-C19F-4622-95F9-620E587735EF}.Release|Any CPU.ActiveCfg = Release|Any CPU
		{C04900F7-C19F-4622-95F9-620E587735EF}.Release|Any CPU.Build.0 = Release|Any CPU
		{C04900F7-C19F-4622-95F9-620E587735EF}.Release|x64.ActiveCfg = Release|Any CPU
		{C04900F7-C19F-4622-95F9-620E587735EF}.Release|x64.Build.0 = Release|Any CPU
		{C04900F7-C19F-4622-95F9-620E587735EF}.Release|x86.ActiveCfg = Release|Any CPU
		{C04900F7-C19F-4622-95F9-620E587735EF}.Release|x86.Build.0 = Release|Any CPU
	EndGlobalSection
	GlobalSection(SolutionProperties) = preSolution
		HideSolutionNode = FALSE
	EndGlobalSection
	GlobalSection(ExtensibilityGlobals) = postSolution
		SolutionGuid = {B10117D9-8B89-4D0C-9D15-E80445A72426}
	EndGlobalSection
EndGlobal
